
Microsoft Visual Studio Solution File, Format Version 12.00
# Visual Studio 15
VisualStudioVersion = 15.0.26430.13
MinimumVisualStudioVersion = 10.0.40219.1
Project("{FAE04EC0-301F-11D3-BF4B-00C04F79EFBC}") = "TesteImposto", "TesteImposto\TesteImposto.csproj", "{B477192F-814E-4710-8DBC-244AD89157C8}"
EndProject
Project("{FAE04EC0-301F-11D3-BF4B-00C04F79EFBC}") = "Imposto.Core", "Imposto.Core\Imposto.Core.csproj", "{2339C0B3-1E95-4CD3-BFBA-64B377857016}"
EndProject
Project("{FAE04EC0-301F-11D3-BF4B-00C04F79EFBC}") = "EncontrarCaracter", "EncontrarCaracter\EncontrarCaracter.csproj", "{113E96F2-A5E8-4779-82DE-F771A0DAA08F}"
EndProject
Project("{FAE04EC0-301F-11D3-BF4B-00C04F79EFBC}") = "UnitTestProject", "UnitTestProject\UnitTestProject.csproj", "{BA3F482D-B502-4A9D-BFF1-409D7E094E22}"
EndProject
Global
	GlobalSection(SolutionConfigurationPlatforms) = preSolution
		Debug|Any CPU = Debug|Any CPU
		Release|Any CPU = Release|Any CPU
	EndGlobalSection
	GlobalSection(ProjectConfigurationPlatforms) = postSolution
		{B477192F-814E-4710-8DBC-244AD89157C8}.Debug|Any CPU.ActiveCfg = Debug|Any CPU
		{B477192F-814E-4710-8DBC-244AD89157C8}.Debug|Any CPU.Build.0 = Debug|Any CPU
		{B477192F-814E-4710-8DBC-244AD89157C8}.Release|Any CPU.ActiveCfg = Release|Any CPU
		{B477192F-814E-4710-8DBC-244AD89157C8}.Release|Any CPU.Build.0 = Release|Any CPU
		{2339C0B3-1E95-4CD3-BFBA-64B377857016}.Debug|Any CPU.ActiveCfg = Debug|Any CPU
		{2339C0B3-1E95-4CD3-BFBA-64B377857016}.Debug|Any CPU.Build.0 = Debug|Any CPU
		{2339C0B3-1E95-4CD3-BFBA-64B377857016}.Release|Any CPU.ActiveCfg = Release|Any CPU
		{2339C0B3-1E95-4CD3-BFBA-64B377857016}.Release|Any CPU.Build.0 = Release|Any CPU
		{113E96F2-A5E8-4779-82DE-F771A0DAA08F}.Debug|Any CPU.ActiveCfg = Debug|Any CPU
		{113E96F2-A5E8-4779-82DE-F771A0DAA08F}.Debug|Any CPU.Build.0 = Debug|Any CPU
		{113E96F2-A5E8-4779-82DE-F771A0DAA08F}.Release|Any CPU.ActiveCfg = Release|Any CPU
		{113E96F2-A5E8-4779-82DE-F771A0DAA08F}.Release|Any CPU.Build.0 = Release|Any CPU
		{BA3F482D-B502-4A9D-BFF1-409D7E094E22}.Debug|Any CPU.ActiveCfg = Debug|Any CPU
		{BA3F482D-B502-4A9D-BFF1-409D7E094E22}.Debug|Any CPU.Build.0 = Debug|Any CPU
		{BA3F482D-B502-4A9D-BFF1-409D7E094E22}.Release|Any CPU.ActiveCfg = Release|Any CPU
		{BA3F482D-B502-4A9D-BFF1-409D7E094E22}.Release|Any CPU.Build.0 = Release|Any CPU
	EndGlobalSection
	GlobalSection(SolutionProperties) = preSolution
		HideSolutionNode = FALSE
	EndGlobalSection
EndGlobal
